
Microsoft Visual Studio Solution File, Format Version 12.00
# Visual Studio Version 16
VisualStudioVersion = 16.0.29709.97
MinimumVisualStudioVersion = 10.0.40219.1
Project("{2150E333-8FDC-42A3-9474-1A3956D46DE8}") = "Ch01", "Ch01", "{1878652E-E0D2-4877-80C8-7666180C0B64}"
EndProject
Project("{8BC9CEB8-8B4A-11D0-8D11-00A0C91BC942}") = "FirstApp", "FirstApp\FirstApp.vcxproj", "{90A3E1FF-8F4F-4627-BD73-523D7BD7C32D}"
EndProject
Project("{8BC9CEB8-8B4A-11D0-8D11-00A0C91BC942}") = "TemplateTest", "TemplateTest\TemplateTest.vcxproj", "{45015FCF-2EEA-40A8-9CF6-B5EDC2EC613D}"
EndProject
Project("{8BC9CEB8-8B4A-11D0-8D11-00A0C91BC942}") = "EscapeTest", "EscapeTest\EscapeTest.vcxproj", "{EBE02969-AD3A-44ED-9F3C-57558D16B842}"
EndProject
Project("{2150E333-8FDC-42A3-9474-1A3956D46DE8}") = "Ch03", "Ch03", "{A3432AD3-6471-4536-8716-8DA985E0713A}"
EndProject
Project("{8BC9CEB8-8B4A-11D0-8D11-00A0C91BC942}") = "VarTest", "VarTest\VarTest.vcxproj", "{2038ED1B-7F7A-4C63-9F39-FA5E376544E8}"
EndProject
Project("{8BC9CEB8-8B4A-11D0-8D11-00A0C91BC942}") = "StringTest", "StringTest\StringTest.vcxproj", "{871E1B9A-05B5-424D-AE93-02EFBB2ADDBD}"
EndProject
Project("{2150E333-8FDC-42A3-9474-1A3956D46DE8}") = "Ch04", "Ch04", "{B181E051-CD51-400F-AE56-6662A9AF2307}"
EndProject
Project("{8BC9CEB8-8B4A-11D0-8D11-00A0C91BC942}") = "DivideTest", "DivideTest\DivideTest.vcxproj", "{1EB62D33-DA65-4068-A09F-B04212EE2879}"
EndProject
Project("{8BC9CEB8-8B4A-11D0-8D11-00A0C91BC942}") = "CastTest", "CastTest\CastTest.vcxproj", "{A487E350-62DE-43E1-97F2-65BB1E2E4636}"
EndProject
Project("{8BC9CEB8-8B4A-11D0-8D11-00A0C91BC942}") = "OpTestApp", "OpTestApp\OpTestApp.vcxproj", "{17BB19DB-7E00-4F8E-AA72-C5E27EA7FBE2}"
EndProject
Project("{2150E333-8FDC-42A3-9474-1A3956D46DE8}") = "Ch05", "Ch05", "{4F7B7A36-CF35-49B7-88C8-C17ACDEDCFFF}"
EndProject
Project("{8BC9CEB8-8B4A-11D0-8D11-00A0C91BC942}") = "IfTestApp", "IfTestApp\IfTestApp.vcxproj", "{A6E34991-E7C7-4D68-A07B-49C531098D07}"
EndProject
Project("{2150E333-8FDC-42A3-9474-1A3956D46DE8}") = "Ch08", "Ch08", "{21E7498D-3320-439D-AA21-2A0AC56C785C}"
EndProject
Project("{8BC9CEB8-8B4A-11D0-8D11-00A0C91BC942}") = "ArrayTestApp", "ArrayTestApp\ArrayTestApp.vcxproj", "{BC8F6E6D-A6F0-465E-B3D8-6AC3D177931A}"
EndProject
Project("{8BC9CEB8-8B4A-11D0-8D11-00A0C91BC942}") = "StringTestApp", "StringTestApp\StringTestApp.vcxproj", "{1C92E4C3-8183-419D-8E50-DB83E3B89DF2}"
EndProject
Project("{2150E333-8FDC-42A3-9474-1A3956D46DE8}") = "Ch09", "Ch09", "{0FB4439B-69DE-405B-9394-792B53F3F058}"
EndProject
Project("{8BC9CEB8-8B4A-11D0-8D11-00A0C91BC942}") = "PointerAppTest", "PointerAppTest\PointerAppTest.vcxproj", "{F55B9770-A6CF-4680-A61A-5DFB219D4EC2}"
EndProject
Project("{2150E333-8FDC-42A3-9474-1A3956D46DE8}") = "Project", "Project", "{1D4E2655-452D-4805-AC5D-E7AC13144119}"
EndProject
Project("{8BC9CEB8-8B4A-11D0-8D11-00A0C91BC942}") = "FileInOut", "FileInOut\FileInOut.vcxproj", "{FCA48A3E-51CD-4ACB-9E97-28EBD11728A4}"
EndProject
Project("{8BC9CEB8-8B4A-11D0-8D11-00A0C91BC942}") = "SwapTestApp", "SwapTestApp\SwapTestApp.vcxproj", "{25084767-8FB5-4D74-B3DC-B93DE5621538}"
EndProject
Project("{2150E333-8FDC-42A3-9474-1A3956D46DE8}") = "Ch10", "Ch10", "{762D4465-F969-46A1-8229-9B43513A29DE}"
EndProject
Project("{8BC9CEB8-8B4A-11D0-8D11-00A0C91BC942}") = "ArrPtrTestApp", "ArrPtrTestApp\ArrPtrTestApp.vcxproj", "{2AA82826-3FBA-4877-883B-939046FE6709}"
EndProject
Project("{8BC9CEB8-8B4A-11D0-8D11-00A0C91BC942}") = "FindMaxApp", "FindMaxApp\FindMaxApp.vcxproj", "{315F1171-BC5B-47BD-A782-EABBE76CDEEA}"
EndProject
Project("{2150E333-8FDC-42A3-9474-1A3956D46DE8}") = "Ch11", "Ch11", "{A8A5FCAE-4B48-4513-B090-962AED893659}"
EndProject
Project("{8BC9CEB8-8B4A-11D0-8D11-00A0C91BC942}") = "CharTest", "CharTest\CharTest.vcxproj", "{31E910B2-F081-414E-8C24-8E1BCD1E431E}"
EndProject
Project("{2150E333-8FDC-42A3-9474-1A3956D46DE8}") = "Ch12", "Ch12", "{4CCD1010-2ED0-4F13-9F53-776785A8A850}"
EndProject
Project("{8BC9CEB8-8B4A-11D0-8D11-00A0C91BC942}") = "StrTestApp", "StrTestApp\StrTestApp.vcxproj", "{4281A792-FF00-4FAA-A34B-5E2A0D72A788}"
EndProject
Project("{8BC9CEB8-8B4A-11D0-8D11-00A0C91BC942}") = "Test", "Test\Test.vcxproj", "{27366E60-848D-4FD8-B2D2-A803E9D12615}"
EndProject
Project("{2150E333-8FDC-42A3-9474-1A3956D46DE8}") = "Ch13", "Ch13", "{5199E117-6FA3-4EA1-B6EE-68E9E960E26E}"
EndProject
Project("{8BC9CEB8-8B4A-11D0-8D11-00A0C91BC942}") = "VarTestApp", "VarTestApp\VarTestApp.vcxproj", "{52FF4207-3239-470B-8552-B64588D7B817}"
EndProject
Project("{2150E333-8FDC-42A3-9474-1A3956D46DE8}") = "Ch14", "Ch14", "{82D75895-B5E3-411F-8B2F-9F1F56DF76CE}"
EndProject
Project("{8BC9CEB8-8B4A-11D0-8D11-00A0C91BC942}") = "StaticValTestApp", "StaticValTestApp\StaticValTestApp.vcxproj", "{15A5D541-7136-4EFA-A5B2-2422DF0A8C20}"
EndProject
Project("{2150E333-8FDC-42A3-9474-1A3956D46DE8}") = "Ch15", "Ch15", "{77B0AE96-8576-4E6D-8CF9-CC711546DF84}"
EndProject
Project("{8BC9CEB8-8B4A-11D0-8D11-00A0C91BC942}") = "SArryTestAPP", "MultiArrTestApp\MultiArrTestApp.vcxproj", "{3BD1C82C-A3BB-4A27-85ED-224636268A71}"
EndProject
Project("{8BC9CEB8-8B4A-11D0-8D11-00A0C91BC942}") = "ThirdArrApp", "ThirdArrApp\ThirdArrApp.vcxproj", "{E165729B-3329-45F3-97CC-1654EC075C63}"
EndProject
Project("{8BC9CEB8-8B4A-11D0-8D11-00A0C91BC942}") = "StringPtrApp", "StringPtrApp\StringPtrApp.vcxproj", "{6C5F1A79-EEEB-41CA-B812-A1E0A1E7154E}"
EndProject
Project("{8BC9CEB8-8B4A-11D0-8D11-00A0C91BC942}") = "Example", "Example\Example.vcxproj", "{345E6C98-CC96-4838-8AD9-A101774CE56C}"
EndProject
Project("{8BC9CEB8-8B4A-11D0-8D11-00A0C91BC942}") = "DoublePointerApp", "DoublePointerApp\DoublePointerApp.vcxproj", "{E28436A3-8D67-47DC-B780-8FF0C48FEB6E}"
EndProject
Project("{8BC9CEB8-8B4A-11D0-8D11-00A0C91BC942}") = "PtrSwapApp", "PtrSwapApp\PtrSwapApp.vcxproj", "{42B75E96-F26A-4DDF-B055-267B8B618BAA}"
EndProject
Project("{8BC9CEB8-8B4A-11D0-8D11-00A0C91BC942}") = "DPtrAryApp", "DPtrAryApp\DPtrAryApp.vcxproj", "{CA1B283C-1B85-492B-88A4-9E5AB704D496}"
EndProject
Project("{8BC9CEB8-8B4A-11D0-8D11-00A0C91BC942}") = "FuncPtrApp", "FuncPtrApp\FuncPtrApp.vcxproj", "{F56425D2-554D-4DF7-81E9-16C4B529F7BA}"
EndProject
Project("{8BC9CEB8-8B4A-11D0-8D11-00A0C91BC942}") = "FuncPtrAPP2", "FuncPtrAPP2\FuncPtrAPP2.vcxproj", "{C17BF46B-6A33-4B81-851B-C819D48CFD60}"
EndProject
Project("{2150E333-8FDC-42A3-9474-1A3956D46DE8}") = "Ch16", "Ch16", "{9FAE3486-5692-4E0E-8C1D-7FB22E190DFF}"
EndProject
Project("{8BC9CEB8-8B4A-11D0-8D11-00A0C91BC942}") = "DynamicMemApp", "DynamicMemApp\DynamicMemApp.vcxproj", "{3688CBC9-2D54-45F5-83D9-82FEA5AACE45}"
EndProject
Project("{8BC9CEB8-8B4A-11D0-8D11-00A0C91BC942}") = "DynamiStrApp", "DynamiStrApp\DynamiStrApp.vcxproj", "{C474BE45-1C9C-4FC6-B1AE-6AB9201591F4}"
EndProject
Project("{8BC9CEB8-8B4A-11D0-8D11-00A0C91BC942}") = "MainArgApp", "MainArgApp\MainArgApp.vcxproj", "{1B137707-C94A-4C38-8D7C-DA85D48E7EAC}"
EndProject
Project("{2150E333-8FDC-42A3-9474-1A3956D46DE8}") = "Ch17", "Ch17", "{C11EFF01-223B-4AFA-AEA7-DA485F3F9C79}"
EndProject
Project("{8BC9CEB8-8B4A-11D0-8D11-00A0C91BC942}") = "StructTestApp", "StructTestApp\StructTestApp.vcxproj", "{34AC1922-5D7F-4B3C-8EDB-437917AD5FDF}"
EndProject
Project("{8BC9CEB8-8B4A-11D0-8D11-00A0C91BC942}") = "VisionApp", "VisionApp\VisionApp.vcxproj", "{B32B7B6E-3DB5-4DBF-96CD-336F0B67AD35}"
EndProject
Project("{8BC9CEB8-8B4A-11D0-8D11-00A0C91BC942}") = "StructPtrApp", "StructPtrApp\StructPtrApp.vcxproj", "{92C3E5C7-0D04-44F7-B27A-D8F16A6C1600}"
EndProject
Project("{8BC9CEB8-8B4A-11D0-8D11-00A0C91BC942}") = "LinkedListApp", "LinkedListApp\LinkedListApp.vcxproj", "{CEA34D2D-D209-4CE7-A6D8-4A550CAFB206}"
EndProject
Project("{8BC9CEB8-8B4A-11D0-8D11-00A0C91BC942}") = "UnionApp", "UnionApp\UnionApp.vcxproj", "{DC7DC829-632D-43D2-9C48-C0B1C428E6BF}"
EndProject
Project("{2150E333-8FDC-42A3-9474-1A3956D46DE8}") = "Ch18", "Ch18", "{FAE01528-F3BF-4702-A53C-DBD0867837CB}"
EndProject
Project("{8BC9CEB8-8B4A-11D0-8D11-00A0C91BC942}") = "FileTestApp", "FileTestApp\FileTestApp.vcxproj", "{E233D7FB-5446-4858-B74F-039C6A3160EB}"
EndProject
Project("{8BC9CEB8-8B4A-11D0-8D11-00A0C91BC942}") = "FileCopyApp", "FileCopyApp\FileCopyApp.vcxproj", "{177A68CB-5544-494A-93E6-D20EEC302A34}"
EndProject
Project("{8BC9CEB8-8B4A-11D0-8D11-00A0C91BC942}") = "FileBufferErrApp", "FileBufferErrApp\FileBufferErrApp.vcxproj", "{AAF4F7EB-DE8C-4663-AAD9-04A04B29D444}"
EndProject
Project("{2150E333-8FDC-42A3-9474-1A3956D46DE8}") = "Ch19", "Ch19", "{47C4C736-2EC8-4599-A13C-691F7513F934}"
EndProject
Project("{8BC9CEB8-8B4A-11D0-8D11-00A0C91BC942}") = "StandardApp", "StandardApp\StandardApp.vcxproj", "{38370217-F41C-4BF3-876F-6BB3884912CE}"
EndProject
Project("{8BC9CEB8-8B4A-11D0-8D11-00A0C91BC942}") = "MacroApp", "MacroApp\MacroApp.vcxproj", "{73133848-61FB-4C88-A7A0-EC4C18FF8AC1}"
EndProject
Project("{8BC9CEB8-8B4A-11D0-8D11-00A0C91BC942}") = "DivideSrcApp", "DivideSrcApp\DivideSrcApp.vcxproj", "{CFB7ECE7-D54F-4D4D-97BC-96953F37C836}"
EndProject
Project("{8BC9CEB8-8B4A-11D0-8D11-00A0C91BC942}") = "ExternStaticApp", "ExternStaticApp\ExternStaticApp.vcxproj", "{23A0B06C-C55C-4F76-A37B-EA1748F44869}"
EndProject
Project("{8BC9CEB8-8B4A-11D0-8D11-00A0C91BC942}") = "DupTestApp", "DupTestApp\DupTestApp.vcxproj", "{829A04ED-352A-481D-9BE7-1ACB5F7554BA}"
EndProject
Project("{2150E333-8FDC-42A3-9474-1A3956D46DE8}") = "Add", "Add", "{93A4A4BF-4CFC-4898-8DD8-2C896AF18D8E}"
EndProject
Project("{8BC9CEB8-8B4A-11D0-8D11-00A0C91BC942}") = "SelectSortApp", "SelectSortApp\SelectSortApp.vcxproj", "{8C4BFCDD-EE43-4AF3-8FC8-6FB15047FC69}"
EndProject
Project("{2150E333-8FDC-42A3-9474-1A3956D46DE8}") = "Ch20", "Ch20", "{4178CBC3-B677-48C4-83BF-95D34454FFF2}"
EndProject
Project("{8BC9CEB8-8B4A-11D0-8D11-00A0C91BC942}") = "CMathLib", "CMathLib\CMathLib.vcxproj", "{347CFCD7-2853-403E-84BC-E34E6F331608}"
EndProject
Project("{8BC9CEB8-8B4A-11D0-8D11-00A0C91BC942}") = "UsingStaticLibApp", "UsingStaticLibApp\UsingStaticLibApp.vcxproj", "{12F9512F-C9BF-4CA5-A0E9-FC8AE78270B9}"
EndProject
Project("{8BC9CEB8-8B4A-11D0-8D11-00A0C91BC942}") = "MyMathLib", "MyMathLib\MyMathLib.vcxproj", "{66429371-EEF8-4B58-966D-C1ABB50545CA}"
EndProject
Project("{8BC9CEB8-8B4A-11D0-8D11-00A0C91BC942}") = "UsingDynLibApp", "UsingDynLibApp\UsingDynLibApp.vcxproj", "{9D3DD638-3ADC-46F1-A95E-492313C343F8}"
EndProject
Project("{8BC9CEB8-8B4A-11D0-8D11-00A0C91BC942}") = "MySqlTsetApp", "MySqlTsetApp\MySqlTsetApp.vcxproj", "{9227EDC6-0F8C-4A57-BA66-EE778717E313}"
EndProject
Project("{2150E333-8FDC-42A3-9474-1A3956D46DE8}") = "Ch21", "Ch21", "{74A6B451-AE4B-4557-B014-C18025137AF1}"
EndProject
Project("{8BC9CEB8-8B4A-11D0-8D11-00A0C91BC942}") = "JsonSimpleParser", "JsonSimpleParser\JsonSimpleParser.vcxproj", "{C3515837-60C3-4062-B7D6-15FE4DD990C5}"
EndProject
Project("{8BC9CEB8-8B4A-11D0-8D11-00A0C91BC942}") = "UsingParsonApp", "UsingParsonApp\UsingParsonApp.vcxproj", "{1F6E0385-1645-48F6-9406-FA3A384B8222}"
EndProject
Project("{2150E333-8FDC-42A3-9474-1A3956D46DE8}") = "Example", "Example", "{ECBFD120-0F47-406C-8C93-2720C0E8593E}"
EndProject
Project("{8BC9CEB8-8B4A-11D0-8D11-00A0C91BC942}") = "Cstudy", "Cstudy\Cstudy.vcxproj", "{C7192685-5A42-4865-93DE-C8E761168DCC}"
EndProject
Project("{8BC9CEB8-8B4A-11D0-8D11-00A0C91BC942}") = "LinkedList(EX)", "LinkedList(EX)\LinkedList(EX).vcxproj", "{480A36D8-8436-400A-9066-3E37C0FE25F1}"
EndProject
Project("{8BC9CEB8-8B4A-11D0-8D11-00A0C91BC942}") = "Practice", "Practice\Practice.vcxproj", "{7FAEA730-3DC6-4C05-BFEB-2BC21530AD06}"
EndProject
Project("{8BC9CEB8-8B4A-11D0-8D11-00A0C91BC942}") = "Practice_Pointer", "Practice_Pointer\Practice_Pointer.vcxproj", "{95CBFF35-8C12-431F-B772-486703DD75DE}"
EndProject
Project("{2150E333-8FDC-42A3-9474-1A3956D46DE8}") = "Exam", "Exam", "{505926AA-3770-4DC5-B769-756AF2F102D5}"
EndProject
Project("{8BC9CEB8-8B4A-11D0-8D11-00A0C91BC942}") = "exam01", "exam01\exam01.vcxproj", "{86FB40CD-5F90-4441-B805-A6A3E1523F33}"
EndProject
Project("{8BC9CEB8-8B4A-11D0-8D11-00A0C91BC942}") = "exam02", "exam02\exam02.vcxproj", "{7A805EC8-5792-46D7-A653-78929B881C7A}"
EndProject
Global
	GlobalSection(SolutionConfigurationPlatforms) = preSolution
		Debug|x64 = Debug|x64
		Debug|x86 = Debug|x86
		Release|x64 = Release|x64
		Release|x86 = Release|x86
	EndGlobalSection
	GlobalSection(ProjectConfigurationPlatforms) = postSolution
		{90A3E1FF-8F4F-4627-BD73-523D7BD7C32D}.Debug|x64.ActiveCfg = Debug|x64
		{90A3E1FF-8F4F-4627-BD73-523D7BD7C32D}.Debug|x64.Build.0 = Debug|x64
		{90A3E1FF-8F4F-4627-BD73-523D7BD7C32D}.Debug|x86.ActiveCfg = Debug|Win32
		{90A3E1FF-8F4F-4627-BD73-523D7BD7C32D}.Debug|x86.Build.0 = Debug|Win32
		{90A3E1FF-8F4F-4627-BD73-523D7BD7C32D}.Release|x64.ActiveCfg = Release|x64
		{90A3E1FF-8F4F-4627-BD73-523D7BD7C32D}.Release|x64.Build.0 = Release|x64
		{90A3E1FF-8F4F-4627-BD73-523D7BD7C32D}.Release|x86.ActiveCfg = Release|Win32
		{90A3E1FF-8F4F-4627-BD73-523D7BD7C32D}.Release|x86.Build.0 = Release|Win32
		{45015FCF-2EEA-40A8-9CF6-B5EDC2EC613D}.Debug|x64.ActiveCfg = Debug|x64
		{45015FCF-2EEA-40A8-9CF6-B5EDC2EC613D}.Debug|x64.Build.0 = Debug|x64
		{45015FCF-2EEA-40A8-9CF6-B5EDC2EC613D}.Debug|x86.ActiveCfg = Debug|Win32
		{45015FCF-2EEA-40A8-9CF6-B5EDC2EC613D}.Debug|x86.Build.0 = Debug|Win32
		{45015FCF-2EEA-40A8-9CF6-B5EDC2EC613D}.Release|x64.ActiveCfg = Release|x64
		{45015FCF-2EEA-40A8-9CF6-B5EDC2EC613D}.Release|x64.Build.0 = Release|x64
		{45015FCF-2EEA-40A8-9CF6-B5EDC2EC613D}.Release|x86.ActiveCfg = Release|Win32
		{45015FCF-2EEA-40A8-9CF6-B5EDC2EC613D}.Release|x86.Build.0 = Release|Win32
		{EBE02969-AD3A-44ED-9F3C-57558D16B842}.Debug|x64.ActiveCfg = Debug|x64
		{EBE02969-AD3A-44ED-9F3C-57558D16B842}.Debug|x64.Build.0 = Debug|x64
		{EBE02969-AD3A-44ED-9F3C-57558D16B842}.Debug|x86.ActiveCfg = Debug|Win32
		{EBE02969-AD3A-44ED-9F3C-57558D16B842}.Debug|x86.Build.0 = Debug|Win32
		{EBE02969-AD3A-44ED-9F3C-57558D16B842}.Release|x64.ActiveCfg = Release|x64
		{EBE02969-AD3A-44ED-9F3C-57558D16B842}.Release|x64.Build.0 = Release|x64
		{EBE02969-AD3A-44ED-9F3C-57558D16B842}.Release|x86.ActiveCfg = Release|Win32
		{EBE02969-AD3A-44ED-9F3C-57558D16B842}.Release|x86.Build.0 = Release|Win32
		{2038ED1B-7F7A-4C63-9F39-FA5E376544E8}.Debug|x64.ActiveCfg = Debug|x64
		{2038ED1B-7F7A-4C63-9F39-FA5E376544E8}.Debug|x64.Build.0 = Debug|x64
		{2038ED1B-7F7A-4C63-9F39-FA5E376544E8}.Debug|x86.ActiveCfg = Debug|Win32
		{2038ED1B-7F7A-4C63-9F39-FA5E376544E8}.Debug|x86.Build.0 = Debug|Win32
		{2038ED1B-7F7A-4C63-9F39-FA5E376544E8}.Release|x64.ActiveCfg = Release|x64
		{2038ED1B-7F7A-4C63-9F39-FA5E376544E8}.Release|x64.Build.0 = Release|x64
		{2038ED1B-7F7A-4C63-9F39-FA5E376544E8}.Release|x86.ActiveCfg = Release|Win32
		{2038ED1B-7F7A-4C63-9F39-FA5E376544E8}.Release|x86.Build.0 = Release|Win32
		{871E1B9A-05B5-424D-AE93-02EFBB2ADDBD}.Debug|x64.ActiveCfg = Debug|x64
		{871E1B9A-05B5-424D-AE93-02EFBB2ADDBD}.Debug|x64.Build.0 = Debug|x64
		{871E1B9A-05B5-424D-AE93-02EFBB2ADDBD}.Debug|x86.ActiveCfg = Debug|Win32
		{871E1B9A-05B5-424D-AE93-02EFBB2ADDBD}.Debug|x86.Build.0 = Debug|Win32
		{871E1B9A-05B5-424D-AE93-02EFBB2ADDBD}.Release|x64.ActiveCfg = Release|x64
		{871E1B9A-05B5-424D-AE93-02EFBB2ADDBD}.Release|x64.Build.0 = Release|x64
		{871E1B9A-05B5-424D-AE93-02EFBB2ADDBD}.Release|x86.ActiveCfg = Release|Win32
		{871E1B9A-05B5-424D-AE93-02EFBB2ADDBD}.Release|x86.Build.0 = Release|Win32
		{1EB62D33-DA65-4068-A09F-B04212EE2879}.Debug|x64.ActiveCfg = Debug|x64
		{1EB62D33-DA65-4068-A09F-B04212EE2879}.Debug|x64.Build.0 = Debug|x64
		{1EB62D33-DA65-4068-A09F-B04212EE2879}.Debug|x86.ActiveCfg = Debug|Win32
		{1EB62D33-DA65-4068-A09F-B04212EE2879}.Debug|x86.Build.0 = Debug|Win32
		{1EB62D33-DA65-4068-A09F-B04212EE2879}.Release|x64.ActiveCfg = Release|x64
		{1EB62D33-DA65-4068-A09F-B04212EE2879}.Release|x64.Build.0 = Release|x64
		{1EB62D33-DA65-4068-A09F-B04212EE2879}.Release|x86.ActiveCfg = Release|Win32
		{1EB62D33-DA65-4068-A09F-B04212EE2879}.Release|x86.Build.0 = Release|Win32
		{A487E350-62DE-43E1-97F2-65BB1E2E4636}.Debug|x64.ActiveCfg = Debug|x64
		{A487E350-62DE-43E1-97F2-65BB1E2E4636}.Debug|x64.Build.0 = Debug|x64
		{A487E350-62DE-43E1-97F2-65BB1E2E4636}.Debug|x86.ActiveCfg = Debug|Win32
		{A487E350-62DE-43E1-97F2-65BB1E2E4636}.Debug|x86.Build.0 = Debug|Win32
		{A487E350-62DE-43E1-97F2-65BB1E2E4636}.Release|x64.ActiveCfg = Release|x64
		{A487E350-62DE-43E1-97F2-65BB1E2E4636}.Release|x64.Build.0 = Release|x64
		{A487E350-62DE-43E1-97F2-65BB1E2E4636}.Release|x86.ActiveCfg = Release|Win32
		{A487E350-62DE-43E1-97F2-65BB1E2E4636}.Release|x86.Build.0 = Release|Win32
		{17BB19DB-7E00-4F8E-AA72-C5E27EA7FBE2}.Debug|x64.ActiveCfg = Debug|x64
		{17BB19DB-7E00-4F8E-AA72-C5E27EA7FBE2}.Debug|x64.Build.0 = Debug|x64
		{17BB19DB-7E00-4F8E-AA72-C5E27EA7FBE2}.Debug|x86.ActiveCfg = Debug|Win32
		{17BB19DB-7E00-4F8E-AA72-C5E27EA7FBE2}.Debug|x86.Build.0 = Debug|Win32
		{17BB19DB-7E00-4F8E-AA72-C5E27EA7FBE2}.Release|x64.ActiveCfg = Release|x64
		{17BB19DB-7E00-4F8E-AA72-C5E27EA7FBE2}.Release|x64.Build.0 = Release|x64
		{17BB19DB-7E00-4F8E-AA72-C5E27EA7FBE2}.Release|x86.ActiveCfg = Release|Win32
		{17BB19DB-7E00-4F8E-AA72-C5E27EA7FBE2}.Release|x86.Build.0 = Release|Win32
		{A6E34991-E7C7-4D68-A07B-49C531098D07}.Debug|x64.ActiveCfg = Debug|x64
		{A6E34991-E7C7-4D68-A07B-49C531098D07}.Debug|x64.Build.0 = Debug|x64
		{A6E34991-E7C7-4D68-A07B-49C531098D07}.Debug|x86.ActiveCfg = Debug|Win32
		{A6E34991-E7C7-4D68-A07B-49C531098D07}.Debug|x86.Build.0 = Debug|Win32
		{A6E34991-E7C7-4D68-A07B-49C531098D07}.Release|x64.ActiveCfg = Release|x64
		{A6E34991-E7C7-4D68-A07B-49C531098D07}.Release|x64.Build.0 = Release|x64
		{A6E34991-E7C7-4D68-A07B-49C531098D07}.Release|x86.ActiveCfg = Release|Win32
		{A6E34991-E7C7-4D68-A07B-49C531098D07}.Release|x86.Build.0 = Release|Win32
		{BC8F6E6D-A6F0-465E-B3D8-6AC3D177931A}.Debug|x64.ActiveCfg = Debug|x64
		{BC8F6E6D-A6F0-465E-B3D8-6AC3D177931A}.Debug|x64.Build.0 = Debug|x64
		{BC8F6E6D-A6F0-465E-B3D8-6AC3D177931A}.Debug|x86.ActiveCfg = Debug|Win32
		{BC8F6E6D-A6F0-465E-B3D8-6AC3D177931A}.Debug|x86.Build.0 = Debug|Win32
		{BC8F6E6D-A6F0-465E-B3D8-6AC3D177931A}.Release|x64.ActiveCfg = Release|x64
		{BC8F6E6D-A6F0-465E-B3D8-6AC3D177931A}.Release|x64.Build.0 = Release|x64
		{BC8F6E6D-A6F0-465E-B3D8-6AC3D177931A}.Release|x86.ActiveCfg = Release|Win32
		{BC8F6E6D-A6F0-465E-B3D8-6AC3D177931A}.Release|x86.Build.0 = Release|Win32
		{1C92E4C3-8183-419D-8E50-DB83E3B89DF2}.Debug|x64.ActiveCfg = Debug|x64
		{1C92E4C3-8183-419D-8E50-DB83E3B89DF2}.Debug|x64.Build.0 = Debug|x64
		{1C92E4C3-8183-419D-8E50-DB83E3B89DF2}.Debug|x86.ActiveCfg = Debug|Win32
		{1C92E4C3-8183-419D-8E50-DB83E3B89DF2}.Debug|x86.Build.0 = Debug|Win32
		{1C92E4C3-8183-419D-8E50-DB83E3B89DF2}.Release|x64.ActiveCfg = Release|x64
		{1C92E4C3-8183-419D-8E50-DB83E3B89DF2}.Release|x64.Build.0 = Release|x64
		{1C92E4C3-8183-419D-8E50-DB83E3B89DF2}.Release|x86.ActiveCfg = Release|Win32
		{1C92E4C3-8183-419D-8E50-DB83E3B89DF2}.Release|x86.Build.0 = Release|Win32
		{F55B9770-A6CF-4680-A61A-5DFB219D4EC2}.Debug|x64.ActiveCfg = Debug|x64
		{F55B9770-A6CF-4680-A61A-5DFB219D4EC2}.Debug|x64.Build.0 = Debug|x64
		{F55B9770-A6CF-4680-A61A-5DFB219D4EC2}.Debug|x86.ActiveCfg = Debug|Win32
		{F55B9770-A6CF-4680-A61A-5DFB219D4EC2}.Debug|x86.Build.0 = Debug|Win32
		{F55B9770-A6CF-4680-A61A-5DFB219D4EC2}.Release|x64.ActiveCfg = Release|x64
		{F55B9770-A6CF-4680-A61A-5DFB219D4EC2}.Release|x64.Build.0 = Release|x64
		{F55B9770-A6CF-4680-A61A-5DFB219D4EC2}.Release|x86.ActiveCfg = Release|Win32
		{F55B9770-A6CF-4680-A61A-5DFB219D4EC2}.Release|x86.Build.0 = Release|Win32
		{FCA48A3E-51CD-4ACB-9E97-28EBD11728A4}.Debug|x64.ActiveCfg = Debug|x64
		{FCA48A3E-51CD-4ACB-9E97-28EBD11728A4}.Debug|x64.Build.0 = Debug|x64
		{FCA48A3E-51CD-4ACB-9E97-28EBD11728A4}.Debug|x86.ActiveCfg = Debug|Win32
		{FCA48A3E-51CD-4ACB-9E97-28EBD11728A4}.Debug|x86.Build.0 = Debug|Win32
		{FCA48A3E-51CD-4ACB-9E97-28EBD11728A4}.Release|x64.ActiveCfg = Release|x64
		{FCA48A3E-51CD-4ACB-9E97-28EBD11728A4}.Release|x64.Build.0 = Release|x64
		{FCA48A3E-51CD-4ACB-9E97-28EBD11728A4}.Release|x86.ActiveCfg = Release|Win32
		{FCA48A3E-51CD-4ACB-9E97-28EBD11728A4}.Release|x86.Build.0 = Release|Win32
		{25084767-8FB5-4D74-B3DC-B93DE5621538}.Debug|x64.ActiveCfg = Debug|x64
		{25084767-8FB5-4D74-B3DC-B93DE5621538}.Debug|x64.Build.0 = Debug|x64
		{25084767-8FB5-4D74-B3DC-B93DE5621538}.Debug|x86.ActiveCfg = Debug|Win32
		{25084767-8FB5-4D74-B3DC-B93DE5621538}.Debug|x86.Build.0 = Debug|Win32
		{25084767-8FB5-4D74-B3DC-B93DE5621538}.Release|x64.ActiveCfg = Release|x64
		{25084767-8FB5-4D74-B3DC-B93DE5621538}.Release|x64.Build.0 = Release|x64
		{25084767-8FB5-4D74-B3DC-B93DE5621538}.Release|x86.ActiveCfg = Release|Win32
		{25084767-8FB5-4D74-B3DC-B93DE5621538}.Release|x86.Build.0 = Release|Win32
		{2AA82826-3FBA-4877-883B-939046FE6709}.Debug|x64.ActiveCfg = Debug|x64
		{2AA82826-3FBA-4877-883B-939046FE6709}.Debug|x64.Build.0 = Debug|x64
		{2AA82826-3FBA-4877-883B-939046FE6709}.Debug|x86.ActiveCfg = Debug|Win32
		{2AA82826-3FBA-4877-883B-939046FE6709}.Debug|x86.Build.0 = Debug|Win32
		{2AA82826-3FBA-4877-883B-939046FE6709}.Release|x64.ActiveCfg = Release|x64
		{2AA82826-3FBA-4877-883B-939046FE6709}.Release|x64.Build.0 = Release|x64
		{2AA82826-3FBA-4877-883B-939046FE6709}.Release|x86.ActiveCfg = Release|Win32
		{2AA82826-3FBA-4877-883B-939046FE6709}.Release|x86.Build.0 = Release|Win32
		{315F1171-BC5B-47BD-A782-EABBE76CDEEA}.Debug|x64.ActiveCfg = Debug|x64
		{315F1171-BC5B-47BD-A782-EABBE76CDEEA}.Debug|x64.Build.0 = Debug|x64
		{315F1171-BC5B-47BD-A782-EABBE76CDEEA}.Debug|x86.ActiveCfg = Debug|Win32
		{315F1171-BC5B-47BD-A782-EABBE76CDEEA}.Debug|x86.Build.0 = Debug|Win32
		{315F1171-BC5B-47BD-A782-EABBE76CDEEA}.Release|x64.ActiveCfg = Release|x64
		{315F1171-BC5B-47BD-A782-EABBE76CDEEA}.Release|x64.Build.0 = Release|x64
		{315F1171-BC5B-47BD-A782-EABBE76CDEEA}.Release|x86.ActiveCfg = Release|Win32
		{315F1171-BC5B-47BD-A782-EABBE76CDEEA}.Release|x86.Build.0 = Release|Win32
		{31E910B2-F081-414E-8C24-8E1BCD1E431E}.Debug|x64.ActiveCfg = Debug|x64
		{31E910B2-F081-414E-8C24-8E1BCD1E431E}.Debug|x64.Build.0 = Debug|x64
		{31E910B2-F081-414E-8C24-8E1BCD1E431E}.Debug|x86.ActiveCfg = Debug|Win32
		{31E910B2-F081-414E-8C24-8E1BCD1E431E}.Debug|x86.Build.0 = Debug|Win32
		{31E910B2-F081-414E-8C24-8E1BCD1E431E}.Release|x64.ActiveCfg = Release|x64
		{31E910B2-F081-414E-8C24-8E1BCD1E431E}.Release|x64.Build.0 = Release|x64
		{31E910B2-F081-414E-8C24-8E1BCD1E431E}.Release|x86.ActiveCfg = Release|Win32
		{31E910B2-F081-414E-8C24-8E1BCD1E431E}.Release|x86.Build.0 = Release|Win32
		{4281A792-FF00-4FAA-A34B-5E2A0D72A788}.Debug|x64.ActiveCfg = Debug|x64
		{4281A792-FF00-4FAA-A34B-5E2A0D72A788}.Debug|x64.Build.0 = Debug|x64
		{4281A792-FF00-4FAA-A34B-5E2A0D72A788}.Debug|x86.ActiveCfg = Debug|Win32
		{4281A792-FF00-4FAA-A34B-5E2A0D72A788}.Debug|x86.Build.0 = Debug|Win32
		{4281A792-FF00-4FAA-A34B-5E2A0D72A788}.Release|x64.ActiveCfg = Release|x64
		{4281A792-FF00-4FAA-A34B-5E2A0D72A788}.Release|x64.Build.0 = Release|x64
		{4281A792-FF00-4FAA-A34B-5E2A0D72A788}.Release|x86.ActiveCfg = Release|Win32
		{4281A792-FF00-4FAA-A34B-5E2A0D72A788}.Release|x86.Build.0 = Release|Win32
		{27366E60-848D-4FD8-B2D2-A803E9D12615}.Debug|x64.ActiveCfg = Debug|x64
		{27366E60-848D-4FD8-B2D2-A803E9D12615}.Debug|x64.Build.0 = Debug|x64
		{27366E60-848D-4FD8-B2D2-A803E9D12615}.Debug|x86.ActiveCfg = Debug|Win32
		{27366E60-848D-4FD8-B2D2-A803E9D12615}.Debug|x86.Build.0 = Debug|Win32
		{27366E60-848D-4FD8-B2D2-A803E9D12615}.Release|x64.ActiveCfg = Release|x64
		{27366E60-848D-4FD8-B2D2-A803E9D12615}.Release|x64.Build.0 = Release|x64
		{27366E60-848D-4FD8-B2D2-A803E9D12615}.Release|x86.ActiveCfg = Release|Win32
		{27366E60-848D-4FD8-B2D2-A803E9D12615}.Release|x86.Build.0 = Release|Win32
		{52FF4207-3239-470B-8552-B64588D7B817}.Debug|x64.ActiveCfg = Debug|x64
		{52FF4207-3239-470B-8552-B64588D7B817}.Debug|x64.Build.0 = Debug|x64
		{52FF4207-3239-470B-8552-B64588D7B817}.Debug|x86.ActiveCfg = Debug|Win32
		{52FF4207-3239-470B-8552-B64588D7B817}.Debug|x86.Build.0 = Debug|Win32
		{52FF4207-3239-470B-8552-B64588D7B817}.Release|x64.ActiveCfg = Release|x64
		{52FF4207-3239-470B-8552-B64588D7B817}.Release|x64.Build.0 = Release|x64
		{52FF4207-3239-470B-8552-B64588D7B817}.Release|x86.ActiveCfg = Release|Win32
		{52FF4207-3239-470B-8552-B64588D7B817}.Release|x86.Build.0 = Release|Win32
		{15A5D541-7136-4EFA-A5B2-2422DF0A8C20}.Debug|x64.ActiveCfg = Debug|x64
		{15A5D541-7136-4EFA-A5B2-2422DF0A8C20}.Debug|x64.Build.0 = Debug|x64
		{15A5D541-7136-4EFA-A5B2-2422DF0A8C20}.Debug|x86.ActiveCfg = Debug|Win32
		{15A5D541-7136-4EFA-A5B2-2422DF0A8C20}.Debug|x86.Build.0 = Debug|Win32
		{15A5D541-7136-4EFA-A5B2-2422DF0A8C20}.Release|x64.ActiveCfg = Release|x64
		{15A5D541-7136-4EFA-A5B2-2422DF0A8C20}.Release|x64.Build.0 = Release|x64
		{15A5D541-7136-4EFA-A5B2-2422DF0A8C20}.Release|x86.ActiveCfg = Release|Win32
		{15A5D541-7136-4EFA-A5B2-2422DF0A8C20}.Release|x86.Build.0 = Release|Win32
		{3BD1C82C-A3BB-4A27-85ED-224636268A71}.Debug|x64.ActiveCfg = Debug|x64
		{3BD1C82C-A3BB-4A27-85ED-224636268A71}.Debug|x64.Build.0 = Debug|x64
		{3BD1C82C-A3BB-4A27-85ED-224636268A71}.Debug|x86.ActiveCfg = Debug|Win32
		{3BD1C82C-A3BB-4A27-85ED-224636268A71}.Debug|x86.Build.0 = Debug|Win32
		{3BD1C82C-A3BB-4A27-85ED-224636268A71}.Release|x64.ActiveCfg = Release|x64
		{3BD1C82C-A3BB-4A27-85ED-224636268A71}.Release|x64.Build.0 = Release|x64
		{3BD1C82C-A3BB-4A27-85ED-224636268A71}.Release|x86.ActiveCfg = Release|Win32
		{3BD1C82C-A3BB-4A27-85ED-224636268A71}.Release|x86.Build.0 = Release|Win32
		{E165729B-3329-45F3-97CC-1654EC075C63}.Debug|x64.ActiveCfg = Debug|x64
		{E165729B-3329-45F3-97CC-1654EC075C63}.Debug|x64.Build.0 = Debug|x64
		{E165729B-3329-45F3-97CC-1654EC075C63}.Debug|x86.ActiveCfg = Debug|Win32
		{E165729B-3329-45F3-97CC-1654EC075C63}.Debug|x86.Build.0 = Debug|Win32
		{E165729B-3329-45F3-97CC-1654EC075C63}.Release|x64.ActiveCfg = Release|x64
		{E165729B-3329-45F3-97CC-1654EC075C63}.Release|x64.Build.0 = Release|x64
		{E165729B-3329-45F3-97CC-1654EC075C63}.Release|x86.ActiveCfg = Release|Win32
		{E165729B-3329-45F3-97CC-1654EC075C63}.Release|x86.Build.0 = Release|Win32
		{6C5F1A79-EEEB-41CA-B812-A1E0A1E7154E}.Debug|x64.ActiveCfg = Debug|x64
		{6C5F1A79-EEEB-41CA-B812-A1E0A1E7154E}.Debug|x64.Build.0 = Debug|x64
		{6C5F1A79-EEEB-41CA-B812-A1E0A1E7154E}.Debug|x86.ActiveCfg = Debug|Win32
		{6C5F1A79-EEEB-41CA-B812-A1E0A1E7154E}.Debug|x86.Build.0 = Debug|Win32
		{6C5F1A79-EEEB-41CA-B812-A1E0A1E7154E}.Release|x64.ActiveCfg = Release|x64
		{6C5F1A79-EEEB-41CA-B812-A1E0A1E7154E}.Release|x64.Build.0 = Release|x64
		{6C5F1A79-EEEB-41CA-B812-A1E0A1E7154E}.Release|x86.ActiveCfg = Release|Win32
		{6C5F1A79-EEEB-41CA-B812-A1E0A1E7154E}.Release|x86.Build.0 = Release|Win32
		{345E6C98-CC96-4838-8AD9-A101774CE56C}.Debug|x64.ActiveCfg = Debug|x64
		{345E6C98-CC96-4838-8AD9-A101774CE56C}.Debug|x64.Build.0 = Debug|x64
		{345E6C98-CC96-4838-8AD9-A101774CE56C}.Debug|x86.ActiveCfg = Debug|Win32
		{345E6C98-CC96-4838-8AD9-A101774CE56C}.Debug|x86.Build.0 = Debug|Win32
		{345E6C98-CC96-4838-8AD9-A101774CE56C}.Release|x64.ActiveCfg = Release|x64
		{345E6C98-CC96-4838-8AD9-A101774CE56C}.Release|x64.Build.0 = Release|x64
		{345E6C98-CC96-4838-8AD9-A101774CE56C}.Release|x86.ActiveCfg = Release|Win32
		{345E6C98-CC96-4838-8AD9-A101774CE56C}.Release|x86.Build.0 = Release|Win32
		{E28436A3-8D67-47DC-B780-8FF0C48FEB6E}.Debug|x64.ActiveCfg = Debug|x64
		{E28436A3-8D67-47DC-B780-8FF0C48FEB6E}.Debug|x64.Build.0 = Debug|x64
		{E28436A3-8D67-47DC-B780-8FF0C48FEB6E}.Debug|x86.ActiveCfg = Debug|Win32
		{E28436A3-8D67-47DC-B780-8FF0C48FEB6E}.Debug|x86.Build.0 = Debug|Win32
		{E28436A3-8D67-47DC-B780-8FF0C48FEB6E}.Release|x64.ActiveCfg = Release|x64
		{E28436A3-8D67-47DC-B780-8FF0C48FEB6E}.Release|x64.Build.0 = Release|x64
		{E28436A3-8D67-47DC-B780-8FF0C48FEB6E}.Release|x86.ActiveCfg = Release|Win32
		{E28436A3-8D67-47DC-B780-8FF0C48FEB6E}.Release|x86.Build.0 = Release|Win32
		{42B75E96-F26A-4DDF-B055-267B8B618BAA}.Debug|x64.ActiveCfg = Debug|x64
		{42B75E96-F26A-4DDF-B055-267B8B618BAA}.Debug|x64.Build.0 = Debug|x64
		{42B75E96-F26A-4DDF-B055-267B8B618BAA}.Debug|x86.ActiveCfg = Debug|Win32
		{42B75E96-F26A-4DDF-B055-267B8B618BAA}.Debug|x86.Build.0 = Debug|Win32
		{42B75E96-F26A-4DDF-B055-267B8B618BAA}.Release|x64.ActiveCfg = Release|x64
		{42B75E96-F26A-4DDF-B055-267B8B618BAA}.Release|x64.Build.0 = Release|x64
		{42B75E96-F26A-4DDF-B055-267B8B618BAA}.Release|x86.ActiveCfg = Release|Win32
		{42B75E96-F26A-4DDF-B055-267B8B618BAA}.Release|x86.Build.0 = Release|Win32
		{CA1B283C-1B85-492B-88A4-9E5AB704D496}.Debug|x64.ActiveCfg = Debug|x64
		{CA1B283C-1B85-492B-88A4-9E5AB704D496}.Debug|x64.Build.0 = Debug|x64
		{CA1B283C-1B85-492B-88A4-9E5AB704D496}.Debug|x86.ActiveCfg = Debug|Win32
		{CA1B283C-1B85-492B-88A4-9E5AB704D496}.Debug|x86.Build.0 = Debug|Win32
		{CA1B283C-1B85-492B-88A4-9E5AB704D496}.Release|x64.ActiveCfg = Release|x64
		{CA1B283C-1B85-492B-88A4-9E5AB704D496}.Release|x64.Build.0 = Release|x64
		{CA1B283C-1B85-492B-88A4-9E5AB704D496}.Release|x86.ActiveCfg = Release|Win32
		{CA1B283C-1B85-492B-88A4-9E5AB704D496}.Release|x86.Build.0 = Release|Win32
		{F56425D2-554D-4DF7-81E9-16C4B529F7BA}.Debug|x64.ActiveCfg = Debug|x64
		{F56425D2-554D-4DF7-81E9-16C4B529F7BA}.Debug|x64.Build.0 = Debug|x64
		{F56425D2-554D-4DF7-81E9-16C4B529F7BA}.Debug|x86.ActiveCfg = Debug|Win32
		{F56425D2-554D-4DF7-81E9-16C4B529F7BA}.Debug|x86.Build.0 = Debug|Win32
		{F56425D2-554D-4DF7-81E9-16C4B529F7BA}.Release|x64.ActiveCfg = Release|x64
		{F56425D2-554D-4DF7-81E9-16C4B529F7BA}.Release|x64.Build.0 = Release|x64
		{F56425D2-554D-4DF7-81E9-16C4B529F7BA}.Release|x86.ActiveCfg = Release|Win32
		{F56425D2-554D-4DF7-81E9-16C4B529F7BA}.Release|x86.Build.0 = Release|Win32
		{C17BF46B-6A33-4B81-851B-C819D48CFD60}.Debug|x64.ActiveCfg = Debug|x64
		{C17BF46B-6A33-4B81-851B-C819D48CFD60}.Debug|x64.Build.0 = Debug|x64
		{C17BF46B-6A33-4B81-851B-C819D48CFD60}.Debug|x86.ActiveCfg = Debug|Win32
		{C17BF46B-6A33-4B81-851B-C819D48CFD60}.Debug|x86.Build.0 = Debug|Win32
		{C17BF46B-6A33-4B81-851B-C819D48CFD60}.Release|x64.ActiveCfg = Release|x64
		{C17BF46B-6A33-4B81-851B-C819D48CFD60}.Release|x64.Build.0 = Release|x64
		{C17BF46B-6A33-4B81-851B-C819D48CFD60}.Release|x86.ActiveCfg = Release|Win32
		{C17BF46B-6A33-4B81-851B-C819D48CFD60}.Release|x86.Build.0 = Release|Win32
		{3688CBC9-2D54-45F5-83D9-82FEA5AACE45}.Debug|x64.ActiveCfg = Debug|x64
		{3688CBC9-2D54-45F5-83D9-82FEA5AACE45}.Debug|x64.Build.0 = Debug|x64
		{3688CBC9-2D54-45F5-83D9-82FEA5AACE45}.Debug|x86.ActiveCfg = Debug|Win32
		{3688CBC9-2D54-45F5-83D9-82FEA5AACE45}.Debug|x86.Build.0 = Debug|Win32
		{3688CBC9-2D54-45F5-83D9-82FEA5AACE45}.Release|x64.ActiveCfg = Release|x64
		{3688CBC9-2D54-45F5-83D9-82FEA5AACE45}.Release|x64.Build.0 = Release|x64
		{3688CBC9-2D54-45F5-83D9-82FEA5AACE45}.Release|x86.ActiveCfg = Release|Win32
		{3688CBC9-2D54-45F5-83D9-82FEA5AACE45}.Release|x86.Build.0 = Release|Win32
		{C474BE45-1C9C-4FC6-B1AE-6AB9201591F4}.Debug|x64.ActiveCfg = Debug|x64
		{C474BE45-1C9C-4FC6-B1AE-6AB9201591F4}.Debug|x64.Build.0 = Debug|x64
		{C474BE45-1C9C-4FC6-B1AE-6AB9201591F4}.Debug|x86.ActiveCfg = Debug|Win32
		{C474BE45-1C9C-4FC6-B1AE-6AB9201591F4}.Debug|x86.Build.0 = Debug|Win32
		{C474BE45-1C9C-4FC6-B1AE-6AB9201591F4}.Release|x64.ActiveCfg = Release|x64
		{C474BE45-1C9C-4FC6-B1AE-6AB9201591F4}.Release|x64.Build.0 = Release|x64
		{C474BE45-1C9C-4FC6-B1AE-6AB9201591F4}.Release|x86.ActiveCfg = Release|Win32
		{C474BE45-1C9C-4FC6-B1AE-6AB9201591F4}.Release|x86.Build.0 = Release|Win32
		{1B137707-C94A-4C38-8D7C-DA85D48E7EAC}.Debug|x64.ActiveCfg = Debug|x64
		{1B137707-C94A-4C38-8D7C-DA85D48E7EAC}.Debug|x64.Build.0 = Debug|x64
		{1B137707-C94A-4C38-8D7C-DA85D48E7EAC}.Debug|x86.ActiveCfg = Debug|Win32
		{1B137707-C94A-4C38-8D7C-DA85D48E7EAC}.Debug|x86.Build.0 = Debug|Win32
		{1B137707-C94A-4C38-8D7C-DA85D48E7EAC}.Release|x64.ActiveCfg = Release|x64
		{1B137707-C94A-4C38-8D7C-DA85D48E7EAC}.Release|x64.Build.0 = Release|x64
		{1B137707-C94A-4C38-8D7C-DA85D48E7EAC}.Release|x86.ActiveCfg = Release|Win32
		{1B137707-C94A-4C38-8D7C-DA85D48E7EAC}.Release|x86.Build.0 = Release|Win32
		{34AC1922-5D7F-4B3C-8EDB-437917AD5FDF}.Debug|x64.ActiveCfg = Debug|x64
		{34AC1922-5D7F-4B3C-8EDB-437917AD5FDF}.Debug|x64.Build.0 = Debug|x64
		{34AC1922-5D7F-4B3C-8EDB-437917AD5FDF}.Debug|x86.ActiveCfg = Debug|Win32
		{34AC1922-5D7F-4B3C-8EDB-437917AD5FDF}.Debug|x86.Build.0 = Debug|Win32
		{34AC1922-5D7F-4B3C-8EDB-437917AD5FDF}.Release|x64.ActiveCfg = Release|x64
		{34AC1922-5D7F-4B3C-8EDB-437917AD5FDF}.Release|x64.Build.0 = Release|x64
		{34AC1922-5D7F-4B3C-8EDB-437917AD5FDF}.Release|x86.ActiveCfg = Release|Win32
		{34AC1922-5D7F-4B3C-8EDB-437917AD5FDF}.Release|x86.Build.0 = Release|Win32
		{B32B7B6E-3DB5-4DBF-96CD-336F0B67AD35}.Debug|x64.ActiveCfg = Debug|x64
		{B32B7B6E-3DB5-4DBF-96CD-336F0B67AD35}.Debug|x64.Build.0 = Debug|x64
		{B32B7B6E-3DB5-4DBF-96CD-336F0B67AD35}.Debug|x86.ActiveCfg = Debug|Win32
		{B32B7B6E-3DB5-4DBF-96CD-336F0B67AD35}.Debug|x86.Build.0 = Debug|Win32
		{B32B7B6E-3DB5-4DBF-96CD-336F0B67AD35}.Release|x64.ActiveCfg = Release|x64
		{B32B7B6E-3DB5-4DBF-96CD-336F0B67AD35}.Release|x64.Build.0 = Release|x64
		{B32B7B6E-3DB5-4DBF-96CD-336F0B67AD35}.Release|x86.ActiveCfg = Release|Win32
		{B32B7B6E-3DB5-4DBF-96CD-336F0B67AD35}.Release|x86.Build.0 = Release|Win32
		{92C3E5C7-0D04-44F7-B27A-D8F16A6C1600}.Debug|x64.ActiveCfg = Debug|x64
		{92C3E5C7-0D04-44F7-B27A-D8F16A6C1600}.Debug|x64.Build.0 = Debug|x64
		{92C3E5C7-0D04-44F7-B27A-D8F16A6C1600}.Debug|x86.ActiveCfg = Debug|Win32
		{92C3E5C7-0D04-44F7-B27A-D8F16A6C1600}.Debug|x86.Build.0 = Debug|Win32
		{92C3E5C7-0D04-44F7-B27A-D8F16A6C1600}.Release|x64.ActiveCfg = Release|x64
		{92C3E5C7-0D04-44F7-B27A-D8F16A6C1600}.Release|x64.Build.0 = Release|x64
		{92C3E5C7-0D04-44F7-B27A-D8F16A6C1600}.Release|x86.ActiveCfg = Release|Win32
		{92C3E5C7-0D04-44F7-B27A-D8F16A6C1600}.Release|x86.Build.0 = Release|Win32
		{CEA34D2D-D209-4CE7-A6D8-4A550CAFB206}.Debug|x64.ActiveCfg = Debug|x64
		{CEA34D2D-D209-4CE7-A6D8-4A550CAFB206}.Debug|x64.Build.0 = Debug|x64
		{CEA34D2D-D209-4CE7-A6D8-4A550CAFB206}.Debug|x86.ActiveCfg = Debug|Win32
		{CEA34D2D-D209-4CE7-A6D8-4A550CAFB206}.Debug|x86.Build.0 = Debug|Win32
		{CEA34D2D-D209-4CE7-A6D8-4A550CAFB206}.Release|x64.ActiveCfg = Release|x64
		{CEA34D2D-D209-4CE7-A6D8-4A550CAFB206}.Release|x64.Build.0 = Release|x64
		{CEA34D2D-D209-4CE7-A6D8-4A550CAFB206}.Release|x86.ActiveCfg = Release|Win32
		{CEA34D2D-D209-4CE7-A6D8-4A550CAFB206}.Release|x86.Build.0 = Release|Win32
		{DC7DC829-632D-43D2-9C48-C0B1C428E6BF}.Debug|x64.ActiveCfg = Debug|x64
		{DC7DC829-632D-43D2-9C48-C0B1C428E6BF}.Debug|x64.Build.0 = Debug|x64
		{DC7DC829-632D-43D2-9C48-C0B1C428E6BF}.Debug|x86.ActiveCfg = Debug|Win32
		{DC7DC829-632D-43D2-9C48-C0B1C428E6BF}.Debug|x86.Build.0 = Debug|Win32
		{DC7DC829-632D-43D2-9C48-C0B1C428E6BF}.Release|x64.ActiveCfg = Release|x64
		{DC7DC829-632D-43D2-9C48-C0B1C428E6BF}.Release|x64.Build.0 = Release|x64
		{DC7DC829-632D-43D2-9C48-C0B1C428E6BF}.Release|x86.ActiveCfg = Release|Win32
		{DC7DC829-632D-43D2-9C48-C0B1C428E6BF}.Release|x86.Build.0 = Release|Win32
		{E233D7FB-5446-4858-B74F-039C6A3160EB}.Debug|x64.ActiveCfg = Debug|x64
		{E233D7FB-5446-4858-B74F-039C6A3160EB}.Debug|x64.Build.0 = Debug|x64
		{E233D7FB-5446-4858-B74F-039C6A3160EB}.Debug|x86.ActiveCfg = Debug|Win32
		{E233D7FB-5446-4858-B74F-039C6A3160EB}.Debug|x86.Build.0 = Debug|Win32
		{E233D7FB-5446-4858-B74F-039C6A3160EB}.Release|x64.ActiveCfg = Release|x64
		{E233D7FB-5446-4858-B74F-039C6A3160EB}.Release|x64.Build.0 = Release|x64
		{E233D7FB-5446-4858-B74F-039C6A3160EB}.Release|x86.ActiveCfg = Release|Win32
		{E233D7FB-5446-4858-B74F-039C6A3160EB}.Release|x86.Build.0 = Release|Win32
		{177A68CB-5544-494A-93E6-D20EEC302A34}.Debug|x64.ActiveCfg = Debug|x64
		{177A68CB-5544-494A-93E6-D20EEC302A34}.Debug|x64.Build.0 = Debug|x64
		{177A68CB-5544-494A-93E6-D20EEC302A34}.Debug|x86.ActiveCfg = Debug|Win32
		{177A68CB-5544-494A-93E6-D20EEC302A34}.Debug|x86.Build.0 = Debug|Win32
		{177A68CB-5544-494A-93E6-D20EEC302A34}.Release|x64.ActiveCfg = Release|x64
		{177A68CB-5544-494A-93E6-D20EEC302A34}.Release|x64.Build.0 = Release|x64
		{177A68CB-5544-494A-93E6-D20EEC302A34}.Release|x86.ActiveCfg = Release|Win32
		{177A68CB-5544-494A-93E6-D20EEC302A34}.Release|x86.Build.0 = Release|Win32
		{AAF4F7EB-DE8C-4663-AAD9-04A04B29D444}.Debug|x64.ActiveCfg = Debug|x64
		{AAF4F7EB-DE8C-4663-AAD9-04A04B29D444}.Debug|x64.Build.0 = Debug|x64
		{AAF4F7EB-DE8C-4663-AAD9-04A04B29D444}.Debug|x86.ActiveCfg = Debug|Win32
		{AAF4F7EB-DE8C-4663-AAD9-04A04B29D444}.Debug|x86.Build.0 = Debug|Win32
		{AAF4F7EB-DE8C-4663-AAD9-04A04B29D444}.Release|x64.ActiveCfg = Release|x64
		{AAF4F7EB-DE8C-4663-AAD9-04A04B29D444}.Release|x64.Build.0 = Release|x64
		{AAF4F7EB-DE8C-4663-AAD9-04A04B29D444}.Release|x86.ActiveCfg = Release|Win32
		{AAF4F7EB-DE8C-4663-AAD9-04A04B29D444}.Release|x86.Build.0 = Release|Win32
		{38370217-F41C-4BF3-876F-6BB3884912CE}.Debug|x64.ActiveCfg = Debug|x64
		{38370217-F41C-4BF3-876F-6BB3884912CE}.Debug|x64.Build.0 = Debug|x64
		{38370217-F41C-4BF3-876F-6BB3884912CE}.Debug|x86.ActiveCfg = Debug|Win32
		{38370217-F41C-4BF3-876F-6BB3884912CE}.Debug|x86.Build.0 = Debug|Win32
		{38370217-F41C-4BF3-876F-6BB3884912CE}.Release|x64.ActiveCfg = Release|x64
		{38370217-F41C-4BF3-876F-6BB3884912CE}.Release|x64.Build.0 = Release|x64
		{38370217-F41C-4BF3-876F-6BB3884912CE}.Release|x86.ActiveCfg = Release|Win32
		{38370217-F41C-4BF3-876F-6BB3884912CE}.Release|x86.Build.0 = Release|Win32
		{73133848-61FB-4C88-A7A0-EC4C18FF8AC1}.Debug|x64.ActiveCfg = Debug|x64
		{73133848-61FB-4C88-A7A0-EC4C18FF8AC1}.Debug|x64.Build.0 = Debug|x64
		{73133848-61FB-4C88-A7A0-EC4C18FF8AC1}.Debug|x86.ActiveCfg = Debug|Win32
		{73133848-61FB-4C88-A7A0-EC4C18FF8AC1}.Debug|x86.Build.0 = Debug|Win32
		{73133848-61FB-4C88-A7A0-EC4C18FF8AC1}.Release|x64.ActiveCfg = Release|x64
		{73133848-61FB-4C88-A7A0-EC4C18FF8AC1}.Release|x64.Build.0 = Release|x64
		{73133848-61FB-4C88-A7A0-EC4C18FF8AC1}.Release|x86.ActiveCfg = Release|Win32
		{73133848-61FB-4C88-A7A0-EC4C18FF8AC1}.Release|x86.Build.0 = Release|Win32
		{CFB7ECE7-D54F-4D4D-97BC-96953F37C836}.Debug|x64.ActiveCfg = Debug|x64
		{CFB7ECE7-D54F-4D4D-97BC-96953F37C836}.Debug|x64.Build.0 = Debug|x64
		{CFB7ECE7-D54F-4D4D-97BC-96953F37C836}.Debug|x86.ActiveCfg = Debug|Win32
		{CFB7ECE7-D54F-4D4D-97BC-96953F37C836}.Debug|x86.Build.0 = Debug|Win32
		{CFB7ECE7-D54F-4D4D-97BC-96953F37C836}.Release|x64.ActiveCfg = Release|x64
		{CFB7ECE7-D54F-4D4D-97BC-96953F37C836}.Release|x64.Build.0 = Release|x64
		{CFB7ECE7-D54F-4D4D-97BC-96953F37C836}.Release|x86.ActiveCfg = Release|Win32
		{CFB7ECE7-D54F-4D4D-97BC-96953F37C836}.Release|x86.Build.0 = Release|Win32
		{23A0B06C-C55C-4F76-A37B-EA1748F44869}.Debug|x64.ActiveCfg = Debug|x64
		{23A0B06C-C55C-4F76-A37B-EA1748F44869}.Debug|x64.Build.0 = Debug|x64
		{23A0B06C-C55C-4F76-A37B-EA1748F44869}.Debug|x86.ActiveCfg = Debug|Win32
		{23A0B06C-C55C-4F76-A37B-EA1748F44869}.Debug|x86.Build.0 = Debug|Win32
		{23A0B06C-C55C-4F76-A37B-EA1748F44869}.Release|x64.ActiveCfg = Release|x64
		{23A0B06C-C55C-4F76-A37B-EA1748F44869}.Release|x64.Build.0 = Release|x64
		{23A0B06C-C55C-4F76-A37B-EA1748F44869}.Release|x86.ActiveCfg = Release|Win32
		{23A0B06C-C55C-4F76-A37B-EA1748F44869}.Release|x86.Build.0 = Release|Win32
		{829A04ED-352A-481D-9BE7-1ACB5F7554BA}.Debug|x64.ActiveCfg = Debug|x64
		{829A04ED-352A-481D-9BE7-1ACB5F7554BA}.Debug|x64.Build.0 = Debug|x64
		{829A04ED-352A-481D-9BE7-1ACB5F7554BA}.Debug|x86.ActiveCfg = Debug|Win32
		{829A04ED-352A-481D-9BE7-1ACB5F7554BA}.Debug|x86.Build.0 = Debug|Win32
		{829A04ED-352A-481D-9BE7-1ACB5F7554BA}.Release|x64.ActiveCfg = Release|x64
		{829A04ED-352A-481D-9BE7-1ACB5F7554BA}.Release|x64.Build.0 = Release|x64
		{829A04ED-352A-481D-9BE7-1ACB5F7554BA}.Release|x86.ActiveCfg = Release|Win32
		{829A04ED-352A-481D-9BE7-1ACB5F7554BA}.Release|x86.Build.0 = Release|Win32
		{8C4BFCDD-EE43-4AF3-8FC8-6FB15047FC69}.Debug|x64.ActiveCfg = Debug|x64
		{8C4BFCDD-EE43-4AF3-8FC8-6FB15047FC69}.Debug|x64.Build.0 = Debug|x64
		{8C4BFCDD-EE43-4AF3-8FC8-6FB15047FC69}.Debug|x86.ActiveCfg = Debug|Win32
		{8C4BFCDD-EE43-4AF3-8FC8-6FB15047FC69}.Debug|x86.Build.0 = Debug|Win32
		{8C4BFCDD-EE43-4AF3-8FC8-6FB15047FC69}.Release|x64.ActiveCfg = Release|x64
		{8C4BFCDD-EE43-4AF3-8FC8-6FB15047FC69}.Release|x64.Build.0 = Release|x64
		{8C4BFCDD-EE43-4AF3-8FC8-6FB15047FC69}.Release|x86.ActiveCfg = Release|Win32
		{8C4BFCDD-EE43-4AF3-8FC8-6FB15047FC69}.Release|x86.Build.0 = Release|Win32
		{347CFCD7-2853-403E-84BC-E34E6F331608}.Debug|x64.ActiveCfg = Debug|x64
		{347CFCD7-2853-403E-84BC-E34E6F331608}.Debug|x64.Build.0 = Debug|x64
		{347CFCD7-2853-403E-84BC-E34E6F331608}.Debug|x86.ActiveCfg = Debug|Win32
		{347CFCD7-2853-403E-84BC-E34E6F331608}.Debug|x86.Build.0 = Debug|Win32
		{347CFCD7-2853-403E-84BC-E34E6F331608}.Release|x64.ActiveCfg = Release|x64
		{347CFCD7-2853-403E-84BC-E34E6F331608}.Release|x64.Build.0 = Release|x64
		{347CFCD7-2853-403E-84BC-E34E6F331608}.Release|x86.ActiveCfg = Release|Win32
		{347CFCD7-2853-403E-84BC-E34E6F331608}.Release|x86.Build.0 = Release|Win32
		{12F9512F-C9BF-4CA5-A0E9-FC8AE78270B9}.Debug|x64.ActiveCfg = Debug|x64
		{12F9512F-C9BF-4CA5-A0E9-FC8AE78270B9}.Debug|x64.Build.0 = Debug|x64
		{12F9512F-C9BF-4CA5-A0E9-FC8AE78270B9}.Debug|x86.ActiveCfg = Debug|Win32
		{12F9512F-C9BF-4CA5-A0E9-FC8AE78270B9}.Debug|x86.Build.0 = Debug|Win32
		{12F9512F-C9BF-4CA5-A0E9-FC8AE78270B9}.Release|x64.ActiveCfg = Release|x64
		{12F9512F-C9BF-4CA5-A0E9-FC8AE78270B9}.Release|x64.Build.0 = Release|x64
		{12F9512F-C9BF-4CA5-A0E9-FC8AE78270B9}.Release|x86.ActiveCfg = Release|Win32
		{12F9512F-C9BF-4CA5-A0E9-FC8AE78270B9}.Release|x86.Build.0 = Release|Win32
		{66429371-EEF8-4B58-966D-C1ABB50545CA}.Debug|x64.ActiveCfg = Debug|x64
		{66429371-EEF8-4B58-966D-C1ABB50545CA}.Debug|x64.Build.0 = Debug|x64
		{66429371-EEF8-4B58-966D-C1ABB50545CA}.Debug|x86.ActiveCfg = Debug|Win32
		{66429371-EEF8-4B58-966D-C1ABB50545CA}.Debug|x86.Build.0 = Debug|Win32
		{66429371-EEF8-4B58-966D-C1ABB50545CA}.Release|x64.ActiveCfg = Release|x64
		{66429371-EEF8-4B58-966D-C1ABB50545CA}.Release|x64.Build.0 = Release|x64
		{66429371-EEF8-4B58-966D-C1ABB50545CA}.Release|x86.ActiveCfg = Release|Win32
		{66429371-EEF8-4B58-966D-C1ABB50545CA}.Release|x86.Build.0 = Release|Win32
		{9D3DD638-3ADC-46F1-A95E-492313C343F8}.Debug|x64.ActiveCfg = Debug|x64
		{9D3DD638-3ADC-46F1-A95E-492313C343F8}.Debug|x64.Build.0 = Debug|x64
		{9D3DD638-3ADC-46F1-A95E-492313C343F8}.Debug|x86.ActiveCfg = Debug|Win32
		{9D3DD638-3ADC-46F1-A95E-492313C343F8}.Debug|x86.Build.0 = Debug|Win32
		{9D3DD638-3ADC-46F1-A95E-492313C343F8}.Release|x64.ActiveCfg = Release|x64
		{9D3DD638-3ADC-46F1-A95E-492313C343F8}.Release|x64.Build.0 = Release|x64
		{9D3DD638-3ADC-46F1-A95E-492313C343F8}.Release|x86.ActiveCfg = Release|Win32
		{9D3DD638-3ADC-46F1-A95E-492313C343F8}.Release|x86.Build.0 = Release|Win32
		{9227EDC6-0F8C-4A57-BA66-EE778717E313}.Debug|x64.ActiveCfg = Debug|x64
		{9227EDC6-0F8C-4A57-BA66-EE778717E313}.Debug|x64.Build.0 = Debug|x64
		{9227EDC6-0F8C-4A57-BA66-EE778717E313}.Debug|x86.ActiveCfg = Debug|Win32
		{9227EDC6-0F8C-4A57-BA66-EE778717E313}.Debug|x86.Build.0 = Debug|Win32
		{9227EDC6-0F8C-4A57-BA66-EE778717E313}.Release|x64.ActiveCfg = Release|x64
		{9227EDC6-0F8C-4A57-BA66-EE778717E313}.Release|x64.Build.0 = Release|x64
		{9227EDC6-0F8C-4A57-BA66-EE778717E313}.Release|x86.ActiveCfg = Release|Win32
		{9227EDC6-0F8C-4A57-BA66-EE778717E313}.Release|x86.Build.0 = Release|Win32
		{C3515837-60C3-4062-B7D6-15FE4DD990C5}.Debug|x64.ActiveCfg = Debug|x64
		{C3515837-60C3-4062-B7D6-15FE4DD990C5}.Debug|x64.Build.0 = Debug|x64
		{C3515837-60C3-4062-B7D6-15FE4DD990C5}.Debug|x86.ActiveCfg = Debug|Win32
		{C3515837-60C3-4062-B7D6-15FE4DD990C5}.Debug|x86.Build.0 = Debug|Win32
		{C3515837-60C3-4062-B7D6-15FE4DD990C5}.Release|x64.ActiveCfg = Release|x64
		{C3515837-60C3-4062-B7D6-15FE4DD990C5}.Release|x64.Build.0 = Release|x64
		{C3515837-60C3-4062-B7D6-15FE4DD990C5}.Release|x86.ActiveCfg = Release|Win32
		{C3515837-60C3-4062-B7D6-15FE4DD990C5}.Release|x86.Build.0 = Release|Win32
		{1F6E0385-1645-48F6-9406-FA3A384B8222}.Debug|x64.ActiveCfg = Debug|x64
		{1F6E0385-1645-48F6-9406-FA3A384B8222}.Debug|x64.Build.0 = Debug|x64
		{1F6E0385-1645-48F6-9406-FA3A384B8222}.Debug|x86.ActiveCfg = Debug|Win32
		{1F6E0385-1645-48F6-9406-FA3A384B8222}.Debug|x86.Build.0 = Debug|Win32
		{1F6E0385-1645-48F6-9406-FA3A384B8222}.Release|x64.ActiveCfg = Release|x64
		{1F6E0385-1645-48F6-9406-FA3A384B8222}.Release|x64.Build.0 = Release|x64
		{1F6E0385-1645-48F6-9406-FA3A384B8222}.Release|x86.ActiveCfg = Release|Win32
		{1F6E0385-1645-48F6-9406-FA3A384B8222}.Release|x86.Build.0 = Release|Win32
		{C7192685-5A42-4865-93DE-C8E761168DCC}.Debug|x64.ActiveCfg = Debug|x64
		{C7192685-5A42-4865-93DE-C8E761168DCC}.Debug|x64.Build.0 = Debug|x64
		{C7192685-5A42-4865-93DE-C8E761168DCC}.Debug|x86.ActiveCfg = Debug|Win32
		{C7192685-5A42-4865-93DE-C8E761168DCC}.Debug|x86.Build.0 = Debug|Win32
		{C7192685-5A42-4865-93DE-C8E761168DCC}.Release|x64.ActiveCfg = Release|x64
		{C7192685-5A42-4865-93DE-C8E761168DCC}.Release|x64.Build.0 = Release|x64
		{C7192685-5A42-4865-93DE-C8E761168DCC}.Release|x86.ActiveCfg = Release|Win32
		{C7192685-5A42-4865-93DE-C8E761168DCC}.Release|x86.Build.0 = Release|Win32
		{480A36D8-8436-400A-9066-3E37C0FE25F1}.Debug|x64.ActiveCfg = Debug|x64
		{480A36D8-8436-400A-9066-3E37C0FE25F1}.Debug|x64.Build.0 = Debug|x64
		{480A36D8-8436-400A-9066-3E37C0FE25F1}.Debug|x86.ActiveCfg = Debug|Win32
		{480A36D8-8436-400A-9066-3E37C0FE25F1}.Debug|x86.Build.0 = Debug|Win32
		{480A36D8-8436-400A-9066-3E37C0FE25F1}.Release|x64.ActiveCfg = Release|x64
		{480A36D8-8436-400A-9066-3E37C0FE25F1}.Release|x64.Build.0 = Release|x64
		{480A36D8-8436-400A-9066-3E37C0FE25F1}.Release|x86.ActiveCfg = Release|Win32
		{480A36D8-8436-400A-9066-3E37C0FE25F1}.Release|x86.Build.0 = Release|Win32
		{7FAEA730-3DC6-4C05-BFEB-2BC21530AD06}.Debug|x64.ActiveCfg = Debug|x64
		{7FAEA730-3DC6-4C05-BFEB-2BC21530AD06}.Debug|x64.Build.0 = Debug|x64
		{7FAEA730-3DC6-4C05-BFEB-2BC21530AD06}.Debug|x86.ActiveCfg = Debug|Win32
		{7FAEA730-3DC6-4C05-BFEB-2BC21530AD06}.Debug|x86.Build.0 = Debug|Win32
		{7FAEA730-3DC6-4C05-BFEB-2BC21530AD06}.Release|x64.ActiveCfg = Release|x64
		{7FAEA730-3DC6-4C05-BFEB-2BC21530AD06}.Release|x64.Build.0 = Release|x64
		{7FAEA730-3DC6-4C05-BFEB-2BC21530AD06}.Release|x86.ActiveCfg = Release|Win32
		{7FAEA730-3DC6-4C05-BFEB-2BC21530AD06}.Release|x86.Build.0 = Release|Win32
		{95CBFF35-8C12-431F-B772-486703DD75DE}.Debug|x64.ActiveCfg = Debug|x64
		{95CBFF35-8C12-431F-B772-486703DD75DE}.Debug|x64.Build.0 = Debug|x64
		{95CBFF35-8C12-431F-B772-486703DD75DE}.Debug|x86.ActiveCfg = Debug|Win32
		{95CBFF35-8C12-431F-B772-486703DD75DE}.Debug|x86.Build.0 = Debug|Win32
		{95CBFF35-8C12-431F-B772-486703DD75DE}.Release|x64.ActiveCfg = Release|x64
		{95CBFF35-8C12-431F-B772-486703DD75DE}.Release|x64.Build.0 = Release|x64
		{95CBFF35-8C12-431F-B772-486703DD75DE}.Release|x86.ActiveCfg = Release|Win32
		{95CBFF35-8C12-431F-B772-486703DD75DE}.Release|x86.Build.0 = Release|Win32
		{86FB40CD-5F90-4441-B805-A6A3E1523F33}.Debug|x64.ActiveCfg = Debug|x64
		{86FB40CD-5F90-4441-B805-A6A3E1523F33}.Debug|x64.Build.0 = Debug|x64
		{86FB40CD-5F90-4441-B805-A6A3E1523F33}.Debug|x86.ActiveCfg = Debug|Win32
		{86FB40CD-5F90-4441-B805-A6A3E1523F33}.Debug|x86.Build.0 = Debug|Win32
		{86FB40CD-5F90-4441-B805-A6A3E1523F33}.Release|x64.ActiveCfg = Release|x64
		{86FB40CD-5F90-4441-B805-A6A3E1523F33}.Release|x64.Build.0 = Release|x64
		{86FB40CD-5F90-4441-B805-A6A3E1523F33}.Release|x86.ActiveCfg = Release|Win32
		{86FB40CD-5F90-4441-B805-A6A3E1523F33}.Release|x86.Build.0 = Release|Win32
		{7A805EC8-5792-46D7-A653-78929B881C7A}.Debug|x64.ActiveCfg = Debug|x64
		{7A805EC8-5792-46D7-A653-78929B881C7A}.Debug|x64.Build.0 = Debug|x64
		{7A805EC8-5792-46D7-A653-78929B881C7A}.Debug|x86.ActiveCfg = Debug|Win32
		{7A805EC8-5792-46D7-A653-78929B881C7A}.Debug|x86.Build.0 = Debug|Win32
		{7A805EC8-5792-46D7-A653-78929B881C7A}.Release|x64.ActiveCfg = Release|x64
		{7A805EC8-5792-46D7-A653-78929B881C7A}.Release|x64.Build.0 = Release|x64
		{7A805EC8-5792-46D7-A653-78929B881C7A}.Release|x86.ActiveCfg = Release|Win32
		{7A805EC8-5792-46D7-A653-78929B881C7A}.Release|x86.Build.0 = Release|Win32
	EndGlobalSection
	GlobalSection(SolutionProperties) = preSolution
		HideSolutionNode = FALSE
	EndGlobalSection
	GlobalSection(NestedProjects) = preSolution
		{90A3E1FF-8F4F-4627-BD73-523D7BD7C32D} = {1878652E-E0D2-4877-80C8-7666180C0B64}
		{45015FCF-2EEA-40A8-9CF6-B5EDC2EC613D} = {1878652E-E0D2-4877-80C8-7666180C0B64}
		{EBE02969-AD3A-44ED-9F3C-57558D16B842} = {1878652E-E0D2-4877-80C8-7666180C0B64}
		{2038ED1B-7F7A-4C63-9F39-FA5E376544E8} = {A3432AD3-6471-4536-8716-8DA985E0713A}
		{871E1B9A-05B5-424D-AE93-02EFBB2ADDBD} = {A3432AD3-6471-4536-8716-8DA985E0713A}
		{1EB62D33-DA65-4068-A09F-B04212EE2879} = {B181E051-CD51-400F-AE56-6662A9AF2307}
		{A487E350-62DE-43E1-97F2-65BB1E2E4636} = {B181E051-CD51-400F-AE56-6662A9AF2307}
		{17BB19DB-7E00-4F8E-AA72-C5E27EA7FBE2} = {B181E051-CD51-400F-AE56-6662A9AF2307}
		{A6E34991-E7C7-4D68-A07B-49C531098D07} = {4F7B7A36-CF35-49B7-88C8-C17ACDEDCFFF}
		{BC8F6E6D-A6F0-465E-B3D8-6AC3D177931A} = {21E7498D-3320-439D-AA21-2A0AC56C785C}
		{1C92E4C3-8183-419D-8E50-DB83E3B89DF2} = {21E7498D-3320-439D-AA21-2A0AC56C785C}
		{F55B9770-A6CF-4680-A61A-5DFB219D4EC2} = {0FB4439B-69DE-405B-9394-792B53F3F058}
		{FCA48A3E-51CD-4ACB-9E97-28EBD11728A4} = {1D4E2655-452D-4805-AC5D-E7AC13144119}
		{25084767-8FB5-4D74-B3DC-B93DE5621538} = {0FB4439B-69DE-405B-9394-792B53F3F058}
		{2AA82826-3FBA-4877-883B-939046FE6709} = {762D4465-F969-46A1-8229-9B43513A29DE}
		{315F1171-BC5B-47BD-A782-EABBE76CDEEA} = {762D4465-F969-46A1-8229-9B43513A29DE}
		{31E910B2-F081-414E-8C24-8E1BCD1E431E} = {A8A5FCAE-4B48-4513-B090-962AED893659}
		{4281A792-FF00-4FAA-A34B-5E2A0D72A788} = {4CCD1010-2ED0-4F13-9F53-776785A8A850}
		{27366E60-848D-4FD8-B2D2-A803E9D12615} = {4CCD1010-2ED0-4F13-9F53-776785A8A850}
		{52FF4207-3239-470B-8552-B64588D7B817} = {5199E117-6FA3-4EA1-B6EE-68E9E960E26E}
		{15A5D541-7136-4EFA-A5B2-2422DF0A8C20} = {5199E117-6FA3-4EA1-B6EE-68E9E960E26E}
		{3BD1C82C-A3BB-4A27-85ED-224636268A71} = {82D75895-B5E3-411F-8B2F-9F1F56DF76CE}
		{E165729B-3329-45F3-97CC-1654EC075C63} = {82D75895-B5E3-411F-8B2F-9F1F56DF76CE}
		{6C5F1A79-EEEB-41CA-B812-A1E0A1E7154E} = {82D75895-B5E3-411F-8B2F-9F1F56DF76CE}
		{345E6C98-CC96-4838-8AD9-A101774CE56C} = {82D75895-B5E3-411F-8B2F-9F1F56DF76CE}
		{E28436A3-8D67-47DC-B780-8FF0C48FEB6E} = {82D75895-B5E3-411F-8B2F-9F1F56DF76CE}
		{42B75E96-F26A-4DDF-B055-267B8B618BAA} = {77B0AE96-8576-4E6D-8CF9-CC711546DF84}
		{CA1B283C-1B85-492B-88A4-9E5AB704D496} = {77B0AE96-8576-4E6D-8CF9-CC711546DF84}
		{F56425D2-554D-4DF7-81E9-16C4B529F7BA} = {77B0AE96-8576-4E6D-8CF9-CC711546DF84}
		{C17BF46B-6A33-4B81-851B-C819D48CFD60} = {77B0AE96-8576-4E6D-8CF9-CC711546DF84}
		{3688CBC9-2D54-45F5-83D9-82FEA5AACE45} = {9FAE3486-5692-4E0E-8C1D-7FB22E190DFF}
		{C474BE45-1C9C-4FC6-B1AE-6AB9201591F4} = {9FAE3486-5692-4E0E-8C1D-7FB22E190DFF}
		{1B137707-C94A-4C38-8D7C-DA85D48E7EAC} = {9FAE3486-5692-4E0E-8C1D-7FB22E190DFF}
		{34AC1922-5D7F-4B3C-8EDB-437917AD5FDF} = {C11EFF01-223B-4AFA-AEA7-DA485F3F9C79}
		{B32B7B6E-3DB5-4DBF-96CD-336F0B67AD35} = {C11EFF01-223B-4AFA-AEA7-DA485F3F9C79}
		{92C3E5C7-0D04-44F7-B27A-D8F16A6C1600} = {C11EFF01-223B-4AFA-AEA7-DA485F3F9C79}
		{CEA34D2D-D209-4CE7-A6D8-4A550CAFB206} = {C11EFF01-223B-4AFA-AEA7-DA485F3F9C79}
		{DC7DC829-632D-43D2-9C48-C0B1C428E6BF} = {C11EFF01-223B-4AFA-AEA7-DA485F3F9C79}
		{E233D7FB-5446-4858-B74F-039C6A3160EB} = {FAE01528-F3BF-4702-A53C-DBD0867837CB}
		{177A68CB-5544-494A-93E6-D20EEC302A34} = {FAE01528-F3BF-4702-A53C-DBD0867837CB}
		{AAF4F7EB-DE8C-4663-AAD9-04A04B29D444} = {FAE01528-F3BF-4702-A53C-DBD0867837CB}
		{38370217-F41C-4BF3-876F-6BB3884912CE} = {47C4C736-2EC8-4599-A13C-691F7513F934}
		{73133848-61FB-4C88-A7A0-EC4C18FF8AC1} = {47C4C736-2EC8-4599-A13C-691F7513F934}
		{CFB7ECE7-D54F-4D4D-97BC-96953F37C836} = {47C4C736-2EC8-4599-A13C-691F7513F934}
		{23A0B06C-C55C-4F76-A37B-EA1748F44869} = {47C4C736-2EC8-4599-A13C-691F7513F934}
		{829A04ED-352A-481D-9BE7-1ACB5F7554BA} = {47C4C736-2EC8-4599-A13C-691F7513F934}
		{8C4BFCDD-EE43-4AF3-8FC8-6FB15047FC69} = {93A4A4BF-4CFC-4898-8DD8-2C896AF18D8E}
		{347CFCD7-2853-403E-84BC-E34E6F331608} = {4178CBC3-B677-48C4-83BF-95D34454FFF2}
		{12F9512F-C9BF-4CA5-A0E9-FC8AE78270B9} = {4178CBC3-B677-48C4-83BF-95D34454FFF2}
		{66429371-EEF8-4B58-966D-C1ABB50545CA} = {4178CBC3-B677-48C4-83BF-95D34454FFF2}
		{9D3DD638-3ADC-46F1-A95E-492313C343F8} = {4178CBC3-B677-48C4-83BF-95D34454FFF2}
		{9227EDC6-0F8C-4A57-BA66-EE778717E313} = {4178CBC3-B677-48C4-83BF-95D34454FFF2}
		{C3515837-60C3-4062-B7D6-15FE4DD990C5} = {74A6B451-AE4B-4557-B014-C18025137AF1}
		{1F6E0385-1645-48F6-9406-FA3A384B8222} = {74A6B451-AE4B-4557-B014-C18025137AF1}
		{C7192685-5A42-4865-93DE-C8E761168DCC} = {ECBFD120-0F47-406C-8C93-2720C0E8593E}
		{480A36D8-8436-400A-9066-3E37C0FE25F1} = {ECBFD120-0F47-406C-8C93-2720C0E8593E}
		{7FAEA730-3DC6-4C05-BFEB-2BC21530AD06} = {ECBFD120-0F47-406C-8C93-2720C0E8593E}
		{95CBFF35-8C12-431F-B772-486703DD75DE} = {ECBFD120-0F47-406C-8C93-2720C0E8593E}
		{86FB40CD-5F90-4441-B805-A6A3E1523F33} = {505926AA-3770-4DC5-B769-756AF2F102D5}
		{7A805EC8-5792-46D7-A653-78929B881C7A} = {505926AA-3770-4DC5-B769-756AF2F102D5}
	EndGlobalSection
	GlobalSection(ExtensibilityGlobals) = postSolution
		SolutionGuid = {8EF2B610-C61D-494B-A6FD-BD90C0D87E50}
	EndGlobalSection
EndGlobal
