
Microsoft Visual Studio Solution File, Format Version 12.00
# Visual Studio Version 16
VisualStudioVersion = 16.0.29709.97
MinimumVisualStudioVersion = 10.0.40219.1
Project("{2150E333-8FDC-42A3-9474-1A3956D46DE8}") = "Ch01", "Ch01", "{1878652E-E0D2-4877-80C8-7666180C0B64}"
EndProject
Project("{8BC9CEB8-8B4A-11D0-8D11-00A0C91BC942}") = "FirstApp", "FirstApp\FirstApp.vcxproj", "{90A3E1FF-8F4F-4627-BD73-523D7BD7C32D}"
EndProject
Project("{8BC9CEB8-8B4A-11D0-8D11-00A0C91BC942}") = "TemplateTest", "TemplateTest\TemplateTest.vcxproj", "{45015FCF-2EEA-40A8-9CF6-B5EDC2EC613D}"
EndProject
Project("{8BC9CEB8-8B4A-11D0-8D11-00A0C91BC942}") = "EscapeTest", "EscapeTest\EscapeTest.vcxproj", "{EBE02969-AD3A-44ED-9F3C-57558D16B842}"
EndProject
Project("{2150E333-8FDC-42A3-9474-1A3956D46DE8}") = "Ch03", "Ch03", "{A3432AD3-6471-4536-8716-8DA985E0713A}"
EndProject
Project("{8BC9CEB8-8B4A-11D0-8D11-00A0C91BC942}") = "VarTest", "VarTest\VarTest.vcxproj", "{2038ED1B-7F7A-4C63-9F39-FA5E376544E8}"
EndProject
Project("{8BC9CEB8-8B4A-11D0-8D11-00A0C91BC942}") = "StringTest", "StringTest\StringTest.vcxproj", "{871E1B9A-05B5-424D-AE93-02EFBB2ADDBD}"
EndProject
Global
	GlobalSection(SolutionConfigurationPlatforms) = preSolution
		Debug|x64 = Debug|x64
		Debug|x86 = Debug|x86
		Release|x64 = Release|x64
		Release|x86 = Release|x86
	EndGlobalSection
	GlobalSection(ProjectConfigurationPlatforms) = postSolution
		{90A3E1FF-8F4F-4627-BD73-523D7BD7C32D}.Debug|x64.ActiveCfg = Debug|x64
		{90A3E1FF-8F4F-4627-BD73-523D7BD7C32D}.Debug|x64.Build.0 = Debug|x64
		{90A3E1FF-8F4F-4627-BD73-523D7BD7C32D}.Debug|x86.ActiveCfg = Debug|Win32
		{90A3E1FF-8F4F-4627-BD73-523D7BD7C32D}.Debug|x86.Build.0 = Debug|Win32
		{90A3E1FF-8F4F-4627-BD73-523D7BD7C32D}.Release|x64.ActiveCfg = Release|x64
		{90A3E1FF-8F4F-4627-BD73-523D7BD7C32D}.Release|x64.Build.0 = Release|x64
		{90A3E1FF-8F4F-4627-BD73-523D7BD7C32D}.Release|x86.ActiveCfg = Release|Win32
		{90A3E1FF-8F4F-4627-BD73-523D7BD7C32D}.Release|x86.Build.0 = Release|Win32
		{45015FCF-2EEA-40A8-9CF6-B5EDC2EC613D}.Debug|x64.ActiveCfg = Debug|x64
		{45015FCF-2EEA-40A8-9CF6-B5EDC2EC613D}.Debug|x64.Build.0 = Debug|x64
		{45015FCF-2EEA-40A8-9CF6-B5EDC2EC613D}.Debug|x86.ActiveCfg = Debug|Win32
		{45015FCF-2EEA-40A8-9CF6-B5EDC2EC613D}.Debug|x86.Build.0 = Debug|Win32
		{45015FCF-2EEA-40A8-9CF6-B5EDC2EC613D}.Release|x64.ActiveCfg = Release|x64
		{45015FCF-2EEA-40A8-9CF6-B5EDC2EC613D}.Release|x64.Build.0 = Release|x64
		{45015FCF-2EEA-40A8-9CF6-B5EDC2EC613D}.Release|x86.ActiveCfg = Release|Win32
		{45015FCF-2EEA-40A8-9CF6-B5EDC2EC613D}.Release|x86.Build.0 = Release|Win32
		{EBE02969-AD3A-44ED-9F3C-57558D16B842}.Debug|x64.ActiveCfg = Debug|x64
		{EBE02969-AD3A-44ED-9F3C-57558D16B842}.Debug|x64.Build.0 = Debug|x64
		{EBE02969-AD3A-44ED-9F3C-57558D16B842}.Debug|x86.ActiveCfg = Debug|Win32
		{EBE02969-AD3A-44ED-9F3C-57558D16B842}.Debug|x86.Build.0 = Debug|Win32
		{EBE02969-AD3A-44ED-9F3C-57558D16B842}.Release|x64.ActiveCfg = Release|x64
		{EBE02969-AD3A-44ED-9F3C-57558D16B842}.Release|x64.Build.0 = Release|x64
		{EBE02969-AD3A-44ED-9F3C-57558D16B842}.Release|x86.ActiveCfg = Release|Win32
		{EBE02969-AD3A-44ED-9F3C-57558D16B842}.Release|x86.Build.0 = Release|Win32
		{2038ED1B-7F7A-4C63-9F39-FA5E376544E8}.Debug|x64.ActiveCfg = Debug|x64
		{2038ED1B-7F7A-4C63-9F39-FA5E376544E8}.Debug|x64.Build.0 = Debug|x64
		{2038ED1B-7F7A-4C63-9F39-FA5E376544E8}.Debug|x86.ActiveCfg = Debug|Win32
		{2038ED1B-7F7A-4C63-9F39-FA5E376544E8}.Debug|x86.Build.0 = Debug|Win32
		{2038ED1B-7F7A-4C63-9F39-FA5E376544E8}.Release|x64.ActiveCfg = Release|x64
		{2038ED1B-7F7A-4C63-9F39-FA5E376544E8}.Release|x64.Build.0 = Release|x64
		{2038ED1B-7F7A-4C63-9F39-FA5E376544E8}.Release|x86.ActiveCfg = Release|Win32
		{2038ED1B-7F7A-4C63-9F39-FA5E376544E8}.Release|x86.Build.0 = Release|Win32
		{871E1B9A-05B5-424D-AE93-02EFBB2ADDBD}.Debug|x64.ActiveCfg = Debug|x64
		{871E1B9A-05B5-424D-AE93-02EFBB2ADDBD}.Debug|x64.Build.0 = Debug|x64
		{871E1B9A-05B5-424D-AE93-02EFBB2ADDBD}.Debug|x86.ActiveCfg = Debug|Win32
		{871E1B9A-05B5-424D-AE93-02EFBB2ADDBD}.Debug|x86.Build.0 = Debug|Win32
		{871E1B9A-05B5-424D-AE93-02EFBB2ADDBD}.Release|x64.ActiveCfg = Release|x64
		{871E1B9A-05B5-424D-AE93-02EFBB2ADDBD}.Release|x64.Build.0 = Release|x64
		{871E1B9A-05B5-424D-AE93-02EFBB2ADDBD}.Release|x86.ActiveCfg = Release|Win32
		{871E1B9A-05B5-424D-AE93-02EFBB2ADDBD}.Release|x86.Build.0 = Release|Win32
	EndGlobalSection
	GlobalSection(SolutionProperties) = preSolution
		HideSolutionNode = FALSE
	EndGlobalSection
	GlobalSection(NestedProjects) = preSolution
		{90A3E1FF-8F4F-4627-BD73-523D7BD7C32D} = {1878652E-E0D2-4877-80C8-7666180C0B64}
		{45015FCF-2EEA-40A8-9CF6-B5EDC2EC613D} = {1878652E-E0D2-4877-80C8-7666180C0B64}
		{EBE02969-AD3A-44ED-9F3C-57558D16B842} = {1878652E-E0D2-4877-80C8-7666180C0B64}
		{2038ED1B-7F7A-4C63-9F39-FA5E376544E8} = {A3432AD3-6471-4536-8716-8DA985E0713A}
		{871E1B9A-05B5-424D-AE93-02EFBB2ADDBD} = {A3432AD3-6471-4536-8716-8DA985E0713A}
	EndGlobalSection
	GlobalSection(ExtensibilityGlobals) = postSolution
		SolutionGuid = {8EF2B610-C61D-494B-A6FD-BD90C0D87E50}
	EndGlobalSection
EndGlobal
